
Microsoft Visual Studio Solution File, Format Version 12.00
# Visual Studio Version 17
VisualStudioVersion = 17.10.34928.147
MinimumVisualStudioVersion = 10.0.40219.1
Project("{FAE04EC0-301F-11D3-BF4B-00C04F79EFBC}") = "examen final", "examen final\examen final.csproj", "{7C141DC0-2F5F-4A44-A820-6BE07E505A0D}"
EndProject
Global
	GlobalSection(SolutionConfigurationPlatforms) = preSolution
		Debug|Any CPU = Debug|Any CPU
		Release|Any CPU = Release|Any CPU
	EndGlobalSection
	GlobalSection(ProjectConfigurationPlatforms) = postSolution
		{7C141DC0-2F5F-4A44-A820-6BE07E505A0D}.Debug|Any CPU.ActiveCfg = Debug|Any CPU
		{7C141DC0-2F5F-4A44-A820-6BE07E505A0D}.Debug|Any CPU.Build.0 = Debug|Any CPU
		{7C141DC0-2F5F-4A44-A820-6BE07E505A0D}.Release|Any CPU.ActiveCfg = Release|Any CPU
		{7C141DC0-2F5F-4A44-A820-6BE07E505A0D}.Release|Any CPU.Build.0 = Release|Any CPU
	EndGlobalSection
	GlobalSection(SolutionProperties) = preSolution
		HideSolutionNode = FALSE
	EndGlobalSection
	GlobalSection(ExtensibilityGlobals) = postSolution
		SolutionGuid = {D4CCCC4D-F9B9-410F-AC56-23F3A433236B}
	EndGlobalSection
EndGlobal
